
Microsoft Visual Studio Solution File, Format Version 12.00
# Visual Studio Version 16
VisualStudioVersion = 16.0.31129.286
MinimumVisualStudioVersion = 10.0.40219.1
Project("{FAE04EC0-301F-11D3-BF4B-00C04F79EFBC}") = "bg-task-api", "bg-task-api\bg-task-api.csproj", "{47908D51-65E9-4CD6-AB26-A5CF318AEDEB}"
EndProject
Global
	GlobalSection(SolutionConfigurationPlatforms) = preSolution
		Debug|Any CPU = Debug|Any CPU
		Release|Any CPU = Release|Any CPU
	EndGlobalSection
	GlobalSection(ProjectConfigurationPlatforms) = postSolution
		{47908D51-65E9-4CD6-AB26-A5CF318AEDEB}.Debug|Any CPU.ActiveCfg = Debug|Any CPU
		{47908D51-65E9-4CD6-AB26-A5CF318AEDEB}.Debug|Any CPU.Build.0 = Debug|Any CPU
		{47908D51-65E9-4CD6-AB26-A5CF318AEDEB}.Release|Any CPU.ActiveCfg = Release|Any CPU
		{47908D51-65E9-4CD6-AB26-A5CF318AEDEB}.Release|Any CPU.Build.0 = Release|Any CPU
	EndGlobalSection
	GlobalSection(SolutionProperties) = preSolution
		HideSolutionNode = FALSE
	EndGlobalSection
	GlobalSection(ExtensibilityGlobals) = postSolution
		SolutionGuid = {F8EF8707-BCFA-4F6B-BFB6-E0CD872A9275}
	EndGlobalSection
EndGlobal
